// !$*UTF8*$!
{
	archiveVersion = 1;
	classes = {
	};
	objectVersion = 50;
	objects = {

/* Begin PBXBuildFile section */
		FCCFA79A24B4B67D00E4568D /* AppDelegate.swift in Sources */ = {isa = PBXBuildFile; fileRef = FCCFA79924B4B67D00E4568D /* AppDelegate.swift */; };
		FCCFA79C24B4B67D00E4568D /* SceneDelegate.swift in Sources */ = {isa = PBXBuildFile; fileRef = FCCFA79B24B4B67D00E4568D /* SceneDelegate.swift */; };
		FCCFA79E24B4B67D00E4568D /* ViewController.swift in Sources */ = {isa = PBXBuildFile; fileRef = FCCFA79D24B4B67D00E4568D /* ViewController.swift */; };
		FCCFA7A124B4B67D00E4568D /* Main.storyboard in Resources */ = {isa = PBXBuildFile; fileRef = FCCFA79F24B4B67D00E4568D /* Main.storyboard */; };
		FCCFA7A324B4B67E00E4568D /* Assets.xcassets in Resources */ = {isa = PBXBuildFile; fileRef = FCCFA7A224B4B67E00E4568D /* Assets.xcassets */; };
		FCCFA7A624B4B67E00E4568D /* LaunchScreen.storyboard in Resources */ = {isa = PBXBuildFile; fileRef = FCCFA7A424B4B67E00E4568D /* LaunchScreen.storyboard */; };
/* End PBXBuildFile section */

/* Begin PBXFileReference section */
		FCCFA79624B4B67D00E4568D /* DevOpsFundamental.app */ = {isa = PBXFileReference; explicitFileType = wrapper.application; includeInIndex = 0; path = DevOpsFundamental.app; sourceTree = BUILT_PRODUCTS_DIR; };
		FCCFA79924B4B67D00E4568D /* AppDelegate.swift */ = {isa = PBXFileReference; lastKnownFileType = sourcecode.swift; path = AppDelegate.swift; sourceTree = "<group>"; };
		FCCFA79B24B4B67D00E4568D /* SceneDelegate.swift */ = {isa = PBXFileReference; lastKnownFileType = sourcecode.swift; path = SceneDelegate.swift; sourceTree = "<group>"; };
		FCCFA79D24B4B67D00E4568D /* ViewController.swift */ = {isa = PBXFileReference; lastKnownFileType = sourcecode.swift; path = ViewController.swift; sourceTree = "<group>"; };
		FCCFA7A024B4B67D00E4568D /* Base */ = {isa = PBXFileReference; lastKnownFileType = file.storyboard; name = Base; path = Base.lproj/Main.storyboard; sourceTree = "<group>"; };
		FCCFA7A224B4B67E00E4568D /* Assets.xcassets */ = {isa = PBXFileReference; lastKnownFileType = folder.assetcatalog; path = Assets.xcassets; sourceTree = "<group>"; };
		FCCFA7A524B4B67E00E4568D /* Base */ = {isa = PBXFileReference; lastKnownFileType = file.storyboard; name = Base; path = Base.lproj/LaunchScreen.storyboard; sourceTree = "<group>"; };
		FCCFA7A724B4B67E00E4568D /* Info.plist */ = {isa = PBXFileReference; lastKnownFileType = text.plist.xml; path = Info.plist; sourceTree = "<group>"; };
/* End PBXFileReference section */

/* Begin PBXFrameworksBuildPhase section */
		FCCFA79324B4B67D00E4568D /* Frameworks */ = {
			isa = PBXFrameworksBuildPhase;
			buildActionMask = 2147483647;
			files = (
			);
			runOnlyForDeploymentPostprocessing = 0;
		};
/* End PBXFrameworksBuildPhase section */

/* Begin PBXGroup section */
		FCCFA78D24B4B67D00E4568D = {
			isa = PBXGroup;
			children = (
				FCCFA79824B4B67D00E4568D /* DevOpsFundamental */,
				FCCFA79724B4B67D00E4568D /* Products */,
			);
			sourceTree = "<group>";
		};
		FCCFA79724B4B67D00E4568D /* Products */ = {
			isa = PBXGroup;
			children = (
				FCCFA79624B4B67D00E4568D /* DevOpsFundamental.app */,
			);
			name = Products;
			sourceTree = "<group>";
		};
		FCCFA79824B4B67D00E4568D /* DevOpsFundamental */ = {
			isa = PBXGroup;
			children = (
				FCCFA79924B4B67D00E4568D /* AppDelegate.swift */,
				FCCFA79B24B4B67D00E4568D /* SceneDelegate.swift */,
				FCCFA79D24B4B67D00E4568D /* ViewController.swift */,
				FCCFA79F24B4B67D00E4568D /* Main.storyboard */,
				FCCFA7A224B4B67E00E4568D /* Assets.xcassets */,
				FCCFA7A424B4B67E00E4568D /* LaunchScreen.storyboard */,
				FCCFA7A724B4B67E00E4568D /* Info.plist */,
			);
			path = DevOpsFundamental;
			sourceTree = "<group>";
		};
/* End PBXGroup section */

/* Begin PBXNativeTarget section */
		FCCFA79524B4B67D00E4568D /* DevOpsFundamental */ = {
			isa = PBXNativeTarget;
			buildConfigurationList = FCCFA7AA24B4B67E00E4568D /* Build configuration list for PBXNativeTarget "DevOpsFundamental" */;
			buildPhases = (
				FCCFA79224B4B67D00E4568D /* Sources */,
				FCCFA79324B4B67D00E4568D /* Frameworks */,
				FCCFA79424B4B67D00E4568D /* Resources */,
			);
			buildRules = (
			);
			dependencies = (
			);
			name = DevOpsFundamental;
			productName = DevOpsFundamental;
			productReference = FCCFA79624B4B67D00E4568D /* DevOpsFundamental.app */;
			productType = "com.apple.product-type.application";
		};
/* End PBXNativeTarget section */

/* Begin PBXProject section */
		FCCFA78E24B4B67D00E4568D /* Project object */ = {
			isa = PBXProject;
			attributes = {
				LastSwiftUpdateCheck = 1100;
				LastUpgradeCheck = 1100;
				ORGANIZATIONNAME = "Gaurav Maurya";
				TargetAttributes = {
					FCCFA79524B4B67D00E4568D = {
						CreatedOnToolsVersion = 11.0;
					};
				};
			};
			buildConfigurationList = FCCFA79124B4B67D00E4568D /* Build configuration list for PBXProject "DevOpsFundamental" */;
			compatibilityVersion = "Xcode 9.3";
			developmentRegion = en;
			hasScannedForEncodings = 0;
			knownRegions = (
				en,
				Base,
			);
			mainGroup = FCCFA78D24B4B67D00E4568D;
			productRefGroup = FCCFA79724B4B67D00E4568D /* Products */;
			projectDirPath = "";
			projectRoot = "";
			targets = (
				FCCFA79524B4B67D00E4568D /* DevOpsFundamental */,
			);
		};
/* End PBXProject section */

/* Begin PBXResourcesBuildPhase section */
		FCCFA79424B4B67D00E4568D /* Resources */ = {
			isa = PBXResourcesBuildPhase;
			buildActionMask = 2147483647;
			files = (
				FCCFA7A624B4B67E00E4568D /* LaunchScreen.storyboard in Resources */,
				FCCFA7A324B4B67E00E4568D /* Assets.xcassets in Resources */,
				FCCFA7A124B4B67D00E4568D /* Main.storyboard in Resources */,
			);
			runOnlyForDeploymentPostprocessing = 0;
		};
/* End PBXResourcesBuildPhase section */

/* Begin PBXSourcesBuildPhase section */
		FCCFA79224B4B67D00E4568D /* Sources */ = {
			isa = PBXSourcesBuildPhase;
			buildActionMask = 2147483647;
			files = (
				FCCFA79E24B4B67D00E4568D /* ViewController.swift in Sources */,
				FCCFA79A24B4B67D00E4568D /* AppDelegate.swift in Sources */,
				FCCFA79C24B4B67D00E4568D /* SceneDelegate.swift in Sources */,
			);
			runOnlyForDeploymentPostprocessing = 0;
		};
/* End PBXSourcesBuildPhase section */

/* Begin PBXVariantGroup section */
		FCCFA79F24B4B67D00E4568D /* Main.storyboard */ = {
			isa = PBXVariantGroup;
			children = (
				FCCFA7A024B4B67D00E4568D /* Base */,
			);
			name = Main.storyboard;
			sourceTree = "<group>";
		};
		FCCFA7A424B4B67E00E4568D /* LaunchScreen.storyboard */ = {
			isa = PBXVariantGroup;
			children = (
				FCCFA7A524B4B67E00E4568D /* Base */,
			);
			name = LaunchScreen.storyboard;
			sourceTree = "<group>";
		};
/* End PBXVariantGroup section */

/* Begin XCBuildConfiguration section */
		FCCFA7A824B4B67E00E4568D /* Debug */ = {
			isa = XCBuildConfiguration;
			buildSettings = {
				ALWAYS_SEARCH_USER_PATHS = NO;
				CLANG_ANALYZER_NONNULL = YES;
				CLANG_ANALYZER_NUMBER_OBJECT_CONVERSION = YES_AGGRESSIVE;
				CLANG_CXX_LANGUAGE_STANDARD = "gnu++14";
				CLANG_CXX_LIBRARY = "libc++";
				CLANG_ENABLE_MODULES = YES;
				CLANG_ENABLE_OBJC_ARC = YES;
				CLANG_ENABLE_OBJC_WEAK = YES;
				CLANG_WARN_BLOCK_CAPTURE_AUTORELEASING = YES;
				CLANG_WARN_BOOL_CONVERSION = YES;
				CLANG_WARN_COMMA = YES;
				CLANG_WARN_CONSTANT_CONVERSION = YES;
				CLANG_WARN_DEPRECATED_OBJC_IMPLEMENTATIONS = YES;
				CLANG_WARN_DIRECT_OBJC_ISA_USAGE = YES_ERROR;
				CLANG_WARN_DOCUMENTATION_COMMENTS = YES;
				CLANG_WARN_EMPTY_BODY = YES;
				CLANG_WARN_ENUM_CONVERSION = YES;
				CLANG_WARN_INFINITE_RECURSION = YES;
				CLANG_WARN_INT_CONVERSION = YES;
				CLANG_WARN_NON_LITERAL_NULL_CONVERSION = YES;
				CLANG_WARN_OBJC_IMPLICIT_RETAIN_SELF = YES;
				CLANG_WARN_OBJC_LITERAL_CONVERSION = YES;
				CLANG_WARN_OBJC_ROOT_CLASS = YES_ERROR;
				CLANG_WARN_RANGE_LOOP_ANALYSIS = YES;
				CLANG_WARN_STRICT_PROTOTYPES = YES;
				CLANG_WARN_SUSPICIOUS_MOVE = YES;
				CLANG_WARN_UNGUARDED_AVAILABILITY = YES_AGGRESSIVE;
				CLANG_WARN_UNREACHABLE_CODE = YES;
				CLANG_WARN__DUPLICATE_METHOD_MATCH = YES;
				COPY_PHASE_STRIP = NO;
				DEBUG_INFORMATION_FORMAT = dwarf;
				ENABLE_STRICT_OBJC_MSGSEND = YES;
				ENABLE_TESTABILITY = YES;
				GCC_C_LANGUAGE_STANDARD = gnu11;
				GCC_DYNAMIC_NO_PIC = NO;
				GCC_NO_COMMON_BLOCKS = YES;
				GCC_OPTIMIZATION_LEVEL = 0;
				GCC_PREPROCESSOR_DEFINITIONS = (
					"DEBUG=1",
					"$(inherited)",
				);
				GCC_WARN_64_TO_32_BIT_CONVERSION = YES;
				GCC_WARN_ABOUT_RETURN_TYPE = YES_ERROR;
				GCC_WARN_UNDECLARED_SELECTOR = YES;
				GCC_WARN_UNINITIALIZED_AUTOS = YES_AGGRESSIVE;
				GCC_WARN_UNUSED_FUNCTION = YES;
				GCC_WARN_UNUSED_VARIABLE = YES;
				IPHONEOS_DEPLOYMENT_TARGET = 13.0;
				MTL_ENABLE_DEBUG_INFO = INCLUDE_SOURCE;
				MTL_FAST_MATH = YES;
				ONLY_ACTIVE_ARCH = YES;
				SDKROOT = iphoneos;
				SWIFT_ACTIVE_COMPILATION_CONDITIONS = DEBUG;
				SWIFT_OPTIMIZATION_LEVEL = "-Onone";
			};
			name = Debug;
		};
		FCCFA7A924B4B67E00E4568D /* Release */ = {
			isa = XCBuildConfiguration;
			buildSettings = {
				ALWAYS_SEARCH_USER_PATHS = NO;
				CLANG_ANALYZER_NONNULL = YES;
				CLANG_ANALYZER_NUMBER_OBJECT_CONVERSION = YES_AGGRESSIVE;
				CLANG_CXX_LANGUAGE_STANDARD = "gnu++14";
				CLANG_CXX_LIBRARY = "libc++";
				CLANG_ENABLE_MODULES = YES;
				CLANG_ENABLE_OBJC_ARC = YES;
				CLANG_ENABLE_OBJC_WEAK = YES;
				CLANG_WARN_BLOCK_CAPTURE_AUTORELEASING = YES;
				CLANG_WARN_BOOL_CONVERSION = YES;
				CLANG_WARN_COMMA = YES;
				CLANG_WARN_CONSTANT_CONVERSION = YES;
				CLANG_WARN_DEPRECATED_OBJC_IMPLEMENTATIONS = YES;
				CLANG_WARN_DIRECT_OBJC_ISA_USAGE = YES_ERROR;
				CLANG_WARN_DOCUMENTATION_COMMENTS = YES;
				CLANG_WARN_EMPTY_BODY = YES;
				CLANG_WARN_ENUM_CONVERSION = YES;
				CLANG_WARN_INFINITE_RECURSION = YES;
				CLANG_WARN_INT_CONVERSION = YES;
				CLANG_WARN_NON_LITERAL_NULL_CONVERSION = YES;
				CLANG_WARN_OBJC_IMPLICIT_RETAIN_SELF = YES;
				CLANG_WARN_OBJC_LITERAL_CONVERSION = YES;
				CLANG_WARN_OBJC_ROOT_CLASS = YES_ERROR;
				CLANG_WARN_RANGE_LOOP_ANALYSIS = YES;
				CLANG_WARN_STRICT_PROTOTYPES = YES;
				CLANG_WARN_SUSPICIOUS_MOVE = YES;
				CLANG_WARN_UNGUARDED_AVAILABILITY = YES_AGGRESSIVE;
				CLANG_WARN_UNREACHABLE_CODE = YES;
				CLANG_WARN__DUPLICATE_METHOD_MATCH = YES;
				COPY_PHASE_STRIP = NO;
				DEBUG_INFORMATION_FORMAT = "dwarf-with-dsym";
				ENABLE_NS_ASSERTIONS = NO;
				ENABLE_STRICT_OBJC_MSGSEND = YES;
				GCC_C_LANGUAGE_STANDARD = gnu11;
				GCC_NO_COMMON_BLOCKS = YES;
				GCC_WARN_64_TO_32_BIT_CONVERSION = YES;
				GCC_WARN_ABOUT_RETURN_TYPE = YES_ERROR;
				GCC_WARN_UNDECLARED_SELECTOR = YES;
				GCC_WARN_UNINITIALIZED_AUTOS = YES_AGGRESSIVE;
				GCC_WARN_UNUSED_FUNCTION = YES;
				GCC_WARN_UNUSED_VARIABLE = YES;
				IPHONEOS_DEPLOYMENT_TARGET = 13.0;
				MTL_ENABLE_DEBUG_INFO = NO;
				MTL_FAST_MATH = YES;
				SDKROOT = iphoneos;
				SWIFT_COMPILATION_MODE = wholemodule;
				SWIFT_OPTIMIZATION_LEVEL = "-O";
				VALIDATE_PRODUCT = YES;
			};
			name = Release;
		};
		FCCFA7AB24B4B67E00E4568D /* Debug */ = {
			isa = XCBuildConfiguration;
			buildSettings = {
				ASSETCATALOG_COMPILER_APPICON_NAME = AppIcon;
				CODE_SIGN_STYLE = Automatic;
				DEVELOPMENT_TEAM = QRSPLRKZKL;
				INFOPLIST_FILE = DevOpsFundamental/Info.plist;
				LD_RUNPATH_SEARCH_PATHS = (
					"$(inherited)",
					"@executable_path/Frameworks",
				);
				PRODUCT_BUNDLE_IDENTIFIER = com.gaurav.DevOpsFundamental;
				PRODUCT_NAME = "$(TARGET_NAME)";
				SWIFT_VERSION = 5.0;
				TARGETED_DEVICE_FAMILY = "1,2";
			};
			name = Debug;
		};
		FCCFA7AC24B4B67E00E4568D /* Release */ = {
			isa = XCBuildConfiguration;
			buildSettings = {
				ASSETCATALOG_COMPILER_APPICON_NAME = AppIcon;
				CODE_SIGN_STYLE = Automatic;
				DEVELOPMENT_TEAM = QRSPLRKZKL;
				INFOPLIST_FILE = DevOpsFundamental/Info.plist;
				LD_RUNPATH_SEARCH_PATHS = (
					"$(inherited)",
					"@executable_path/Frameworks",
				);
				PRODUCT_BUNDLE_IDENTIFIER = com.gaurav.DevOpsFundamental;
				PRODUCT_NAME = "$(TARGET_NAME)";
				SWIFT_VERSION = 5.0;
				TARGETED_DEVICE_FAMILY = "1,2";
			};
			name = Release;
		};
/* End XCBuildConfiguration section */

/* Begin XCConfigurationList section */
		FCCFA79124B4B67D00E4568D /* Build configuration list for PBXProject "DevOpsFundamental" */ = {
			isa = XCConfigurationList;
			buildConfigurations = (
				FCCFA7A824B4B67E00E4568D /* Debug */,
				FCCFA7A924B4B67E00E4568D /* Release */,
			);
			defaultConfigurationIsVisible = 0;
			defaultConfigurationName = Release;
		};
		FCCFA7AA24B4B67E00E4568D /* Build configuration list for PBXNativeTarget "DevOpsFundamental" */ = {
			isa = XCConfigurationList;
			buildConfigurations = (
				FCCFA7AB24B4B67E00E4568D /* Debug */,
				FCCFA7AC24B4B67E00E4568D /* Release */,
			);
			defaultConfigurationIsVisible = 0;
			defaultConfigurationName = Release;
		};
/* End XCConfigurationList section */
	};
	rootObject = FCCFA78E24B4B67D00E4568D /* Project object */;
}
